// !$*UTF8*$!
{
	archiveVersion = 1;
	classes = {
	};
	objectVersion = 46;
	objects = {

/* Begin PBXBuildFile section */
		63046D501D82EC79003E1A5D /* DosagemViewController.swift in Sources */ = {isa = PBXBuildFile; fileRef = 63046D4F1D82EC79003E1A5D /* DosagemViewController.swift */; };
		63046D521D83B9E8003E1A5D /* DosagemMedicamento.swift in Sources */ = {isa = PBXBuildFile; fileRef = 63046D511D83B9E8003E1A5D /* DosagemMedicamento.swift */; };
		6308A1CB1D4C66A10042BE2C /* TesteViewController.swift in Sources */ = {isa = PBXBuildFile; fileRef = 6308A1CA1D4C66A10042BE2C /* TesteViewController.swift */; };
		6309E0271DB45CCC001E1B98 /* TableViewCellPerfil.swift in Sources */ = {isa = PBXBuildFile; fileRef = 6309E0261DB45CCC001E1B98 /* TableViewCellPerfil.swift */; };
		630C3C6F1D4AA5D800312CC5 /* AppDelegate.swift in Sources */ = {isa = PBXBuildFile; fileRef = 630C3C6E1D4AA5D800312CC5 /* AppDelegate.swift */; };
		630C3C741D4AA5D800312CC5 /* Main.storyboard in Resources */ = {isa = PBXBuildFile; fileRef = 630C3C721D4AA5D800312CC5 /* Main.storyboard */; };
		630C3C771D4AA5D800312CC5 /* Minha_Farmacia.xcdatamodeld in Sources */ = {isa = PBXBuildFile; fileRef = 630C3C751D4AA5D800312CC5 /* Minha_Farmacia.xcdatamodeld */; };
		630C3C791D4AA5D800312CC5 /* Assets.xcassets in Resources */ = {isa = PBXBuildFile; fileRef = 630C3C781D4AA5D800312CC5 /* Assets.xcassets */; };
		630C3C7C1D4AA5D800312CC5 /* LaunchScreen.storyboard in Resources */ = {isa = PBXBuildFile; fileRef = 630C3C7A1D4AA5D800312CC5 /* LaunchScreen.storyboard */; };
		631136EC1D66223E004BA4B8 /* UrlWS.swift in Sources */ = {isa = PBXBuildFile; fileRef = 631136EB1D66223E004BA4B8 /* UrlWS.swift */; };
		631136EE1D666EBE004BA4B8 /* back.png in Resources */ = {isa = PBXBuildFile; fileRef = 631136ED1D666EBE004BA4B8 /* back.png */; };
		631136F11D681C00004BA4B8 /* Medicamento.swift in Sources */ = {isa = PBXBuildFile; fileRef = 631136F01D681C00004BA4B8 /* Medicamento.swift */; };
		631136F31D681F84004BA4B8 /* remedio.png in Resources */ = {isa = PBXBuildFile; fileRef = 631136F21D681F84004BA4B8 /* remedio.png */; };
		631136F51D68BD42004BA4B8 /* minhaf.png in Resources */ = {isa = PBXBuildFile; fileRef = 631136F41D68BD42004BA4B8 /* minhaf.png */; };
		631136F71D68C92B004BA4B8 /* TelaLoginViewController.swift in Sources */ = {isa = PBXBuildFile; fileRef = 631136F61D68C92B004BA4B8 /* TelaLoginViewController.swift */; };
		631154DE1D60392A009C18DA /* ok.png in Resources */ = {isa = PBXBuildFile; fileRef = 631154DC1D60392A009C18DA /* ok.png */; };
		631154DF1D60392A009C18DA /* negado.png in Resources */ = {isa = PBXBuildFile; fileRef = 631154DD1D60392A009C18DA /* negado.png */; };
		631661431DB6C4B700A6BAE7 /* CadastroReceitaViewController.swift in Sources */ = {isa = PBXBuildFile; fileRef = 631661421DB6C4B700A6BAE7 /* CadastroReceitaViewController.swift */; };
		6318397A1D693D4F008BBB18 /* barcode.png in Resources */ = {isa = PBXBuildFile; fileRef = 631839791D693D4F008BBB18 /* barcode.png */; };
		631C142E1D4D1CE60041675F /* Util.swift in Sources */ = {isa = PBXBuildFile; fileRef = 631C142D1D4D1CE60041675F /* Util.swift */; };
		632726691D64EAB800580E18 /* medicamento.png in Resources */ = {isa = PBXBuildFile; fileRef = 632726661D64EAB800580E18 /* medicamento.png */; };
		6327266A1D64EAB800580E18 /* perfil.png in Resources */ = {isa = PBXBuildFile; fileRef = 632726671D64EAB800580E18 /* perfil.png */; };
		6327266B1D64EAB800580E18 /* receita.png in Resources */ = {isa = PBXBuildFile; fileRef = 632726681D64EAB800580E18 /* receita.png */; };
		63340C191DB5EA47001BA556 /* logo_mf_transparente.png in Resources */ = {isa = PBXBuildFile; fileRef = 63340C181DB5EA47001BA556 /* logo_mf_transparente.png */; };
		633557EC1DB4545500A72FD7 /* TestePerilViewController.swift in Sources */ = {isa = PBXBuildFile; fileRef = 633557EB1DB4545500A72FD7 /* TestePerilViewController.swift */; };
		6361CD921D5A660600F00C2B /* TelaCadastroViewController.swift in Sources */ = {isa = PBXBuildFile; fileRef = 6361CD911D5A660600F00C2B /* TelaCadastroViewController.swift */; };
		6362F85E1DB9DEA6008E2BAB /* DetalhaReceitaViewController.swift in Sources */ = {isa = PBXBuildFile; fileRef = 6362F85D1DB9DEA6008E2BAB /* DetalhaReceitaViewController.swift */; };
		63737CAF1DB16A880020E2C4 /* 1476235384_more.png in Resources */ = {isa = PBXBuildFile; fileRef = 63737C9C1DB16A880020E2C4 /* 1476235384_more.png */; };
		63737CB01DB16A880020E2C4 /* 1476235384_more3030.png in Resources */ = {isa = PBXBuildFile; fileRef = 63737C9D1DB16A880020E2C4 /* 1476235384_more3030.png */; };
		63737CB11DB16A880020E2C4 /* 1476235388_more.png in Resources */ = {isa = PBXBuildFile; fileRef = 63737C9E1DB16A880020E2C4 /* 1476235388_more.png */; };
		63737CB21DB16A880020E2C4 /* more_preenchido_3030.png in Resources */ = {isa = PBXBuildFile; fileRef = 63737C9F1DB16A880020E2C4 /* more_preenchido_3030.png */; };
		63737CB31DB16A880020E2C4 /* 1476235582_Doctors_2.png in Resources */ = {isa = PBXBuildFile; fileRef = 63737CA01DB16A880020E2C4 /* 1476235582_Doctors_2.png */; };
		63737CB41DB16A880020E2C4 /* remedio_3030.png in Resources */ = {isa = PBXBuildFile; fileRef = 63737CA11DB16A880020E2C4 /* remedio_3030.png */; };
		63737CB51DB16A880020E2C4 /* 1476235589_Doctors_1.png in Resources */ = {isa = PBXBuildFile; fileRef = 63737CA21DB16A880020E2C4 /* 1476235589_Doctors_1.png */; };
		63737CB61DB16A880020E2C4 /* medicamento_borda_3030.png in Resources */ = {isa = PBXBuildFile; fileRef = 63737CA31DB16A880020E2C4 /* medicamento_borda_3030.png */; };
		63737CB71DB16A880020E2C4 /* 1476236532_Error_Symbol.png in Resources */ = {isa = PBXBuildFile; fileRef = 63737CA41DB16A880020E2C4 /* 1476236532_Error_Symbol.png */; };
		63737CB81DB16A880020E2C4 /* 1476236643_Yes.png in Resources */ = {isa = PBXBuildFile; fileRef = 63737CA51DB16A880020E2C4 /* 1476236643_Yes.png */; };
		63737CB91DB16A880020E2C4 /* Circled User Male Filled-50.png in Resources */ = {isa = PBXBuildFile; fileRef = 63737CA61DB16A880020E2C4 /* Circled User Male Filled-50.png */; };
		63737CBA1DB16A880020E2C4 /* perfil_preenchido_3030.png in Resources */ = {isa = PBXBuildFile; fileRef = 63737CA71DB16A880020E2C4 /* perfil_preenchido_3030.png */; };
		63737CBB1DB16A880020E2C4 /* Circled User Male-50.png in Resources */ = {isa = PBXBuildFile; fileRef = 63737CA81DB16A880020E2C4 /* Circled User Male-50.png */; };
		63737CBC1DB16A880020E2C4 /* perfil_borda_3030.png in Resources */ = {isa = PBXBuildFile; fileRef = 63737CA91DB16A880020E2C4 /* perfil_borda_3030.png */; };
		63737CBD1DB16A880020E2C4 /* drugs.png in Resources */ = {isa = PBXBuildFile; fileRef = 63737CAA1DB16A880020E2C4 /* drugs.png */; };
		63737CBE1DB16A880020E2C4 /* Treatment Plan Filled-50.png in Resources */ = {isa = PBXBuildFile; fileRef = 63737CAB1DB16A880020E2C4 /* Treatment Plan Filled-50.png */; };
		63737CBF1DB16A880020E2C4 /* receitasPreenchido_3030.png in Resources */ = {isa = PBXBuildFile; fileRef = 63737CAC1DB16A880020E2C4 /* receitasPreenchido_3030.png */; };
		63737CC01DB16A880020E2C4 /* Treatment Plan-50.png in Resources */ = {isa = PBXBuildFile; fileRef = 63737CAD1DB16A880020E2C4 /* Treatment Plan-50.png */; };
		63737CC11DB16A880020E2C4 /* receitas_3030.png in Resources */ = {isa = PBXBuildFile; fileRef = 63737CAE1DB16A880020E2C4 /* receitas_3030.png */; };
		63737CC31DB178AB0020E2C4 /* more_borda_3030.png in Resources */ = {isa = PBXBuildFile; fileRef = 63737CC21DB178AB0020E2C4 /* more_borda_3030.png */; };
		637384CA1D6BCF6300DAB413 /* Casablanca Noir Personal Use.ttf in Resources */ = {isa = PBXBuildFile; fileRef = 637384C91D6BCF6300DAB413 /* Casablanca Noir Personal Use.ttf */; };
		637384CC1D6BCF7600DAB413 /* Catherine de Beaumont.ttf in Resources */ = {isa = PBXBuildFile; fileRef = 637384CB1D6BCF7600DAB413 /* Catherine de Beaumont.ttf */; };
		637F16DA1D962B05004017FE /* DetalhamentoMedicamentoTableViewController.swift in Sources */ = {isa = PBXBuildFile; fileRef = 637F16D91D962B05004017FE /* DetalhamentoMedicamentoTableViewController.swift */; };
		6382F0CA1D64EEC900958E54 /* MedicamentoCollectionViewCell.swift in Sources */ = {isa = PBXBuildFile; fileRef = 6382F0C91D64EEC900958E54 /* MedicamentoCollectionViewCell.swift */; };
		6382F0CC1D64EF7E00958E54 /* MedicamentoViewController.swift in Sources */ = {isa = PBXBuildFile; fileRef = 6382F0CB1D64EF7E00958E54 /* MedicamentoViewController.swift */; };
		6382F0CE1D64F6C200958E54 /* plus.png in Resources */ = {isa = PBXBuildFile; fileRef = 6382F0CD1D64F6C200958E54 /* plus.png */; };
		6382F0D01D64F96800958E54 /* plus2.png in Resources */ = {isa = PBXBuildFile; fileRef = 6382F0CF1D64F96800958E54 /* plus2.png */; };
		6382F0D21D65008F00958E54 /* CadastrarMedicamentoViewController.swift in Sources */ = {isa = PBXBuildFile; fileRef = 6382F0D11D65008F00958E54 /* CadastrarMedicamentoViewController.swift */; };
		6382F0D91D652AF300958E54 /* ReceitaCollectionViewCell.swift in Sources */ = {isa = PBXBuildFile; fileRef = 6382F0D81D652AF300958E54 /* ReceitaCollectionViewCell.swift */; };
		6382F0DB1D652B5700958E54 /* ReceitaViewController.swift in Sources */ = {isa = PBXBuildFile; fileRef = 6382F0DA1D652B5700958E54 /* ReceitaViewController.swift */; };
		638AE9BC1DBA54B500F76A20 /* UsuarioDAO.swift in Sources */ = {isa = PBXBuildFile; fileRef = 638AE9BB1DBA54B500F76A20 /* UsuarioDAO.swift */; };
		6393CA671D551904003B3E71 /* Alamofire.framework in Frameworks */ = {isa = PBXBuildFile; fileRef = 6393CA661D551904003B3E71 /* Alamofire.framework */; };
		6393CA681D55190E003B3E71 /* Alamofire.framework in Frameworks */ = {isa = PBXBuildFile; fileRef = 6393CA661D551904003B3E71 /* Alamofire.framework */; };
		6393CA691D55190E003B3E71 /* Alamofire.framework in Embed Frameworks */ = {isa = PBXBuildFile; fileRef = 6393CA661D551904003B3E71 /* Alamofire.framework */; settings = {ATTRIBUTES = (CodeSignOnCopy, RemoveHeadersOnCopy, ); }; };
		6393CA6E1D55312B003B3E71 /* Usuario.swift in Sources */ = {isa = PBXBuildFile; fileRef = 6393CA6D1D55312B003B3E71 /* Usuario.swift */; };
		6393CA711D55B2A2003B3E71 /* homem.png in Resources */ = {isa = PBXBuildFile; fileRef = 6393CA6F1D55B2A2003B3E71 /* homem.png */; };
		6393CA721D55B2A2003B3E71 /* mulher.png in Resources */ = {isa = PBXBuildFile; fileRef = 6393CA701D55B2A2003B3E71 /* mulher.png */; };
		6393CA741D55B397003B3E71 /* indefinido.png in Resources */ = {isa = PBXBuildFile; fileRef = 6393CA731D55B397003B3E71 /* indefinido.png */; };
		639DEFCB1D955E4600819E64 /* DetalhamentoMedicamentoViewController.swift in Sources */ = {isa = PBXBuildFile; fileRef = 639DEFCA1D955E4600819E64 /* DetalhamentoMedicamentoViewController.swift */; };
		63A0EECC1DB1AC8000398056 /* flash_preenchido.png in Resources */ = {isa = PBXBuildFile; fileRef = 63A0EECA1DB1AC8000398056 /* flash_preenchido.png */; };
		63A0EECD1DB1AC8000398056 /* flash_borda.png in Resources */ = {isa = PBXBuildFile; fileRef = 63A0EECB1DB1AC8000398056 /* flash_borda.png */; };
		63A4EB5B1D4ABFDB007C6B20 /* Bolts.framework in Frameworks */ = {isa = PBXBuildFile; fileRef = 63A4EB591D4ABFDB007C6B20 /* Bolts.framework */; };
		63A4EB5C1D4ABFDB007C6B20 /* Parse.framework in Frameworks */ = {isa = PBXBuildFile; fileRef = 63A4EB5A1D4ABFDB007C6B20 /* Parse.framework */; };
		63A4EB5F1D4AC116007C6B20 /* SystemConfiguration.framework in Frameworks */ = {isa = PBXBuildFile; fileRef = 63A4EB5E1D4AC116007C6B20 /* SystemConfiguration.framework */; };
		63A4EB611D4AC11D007C6B20 /* AudioToolbox.framework in Frameworks */ = {isa = PBXBuildFile; fileRef = 63A4EB601D4AC11D007C6B20 /* AudioToolbox.framework */; };
		63A4EB631D4AC124007C6B20 /* libsqlite3.0.tbd in Frameworks */ = {isa = PBXBuildFile; fileRef = 63A4EB621D4AC124007C6B20 /* libsqlite3.0.tbd */; };
		63A4EB661D4AC2A7007C6B20 /* FBSDKCoreKit.framework in Frameworks */ = {isa = PBXBuildFile; fileRef = 63A4EB641D4AC2A7007C6B20 /* FBSDKCoreKit.framework */; };
		63A4EB671D4AC2A7007C6B20 /* FBSDKLoginKit.framework in Frameworks */ = {isa = PBXBuildFile; fileRef = 63A4EB651D4AC2A7007C6B20 /* FBSDKLoginKit.framework */; };
		63A4EB6A1D4AC48F007C6B20 /* ParseFacebookUtilsV4.framework in Frameworks */ = {isa = PBXBuildFile; fileRef = 63A4EB691D4AC48F007C6B20 /* ParseFacebookUtilsV4.framework */; };
		63C15F731DB6A74D00C8DB46 /* VerificarConexao.swift in Sources */ = {isa = PBXBuildFile; fileRef = 63C15F721DB6A74D00C8DB46 /* VerificarConexao.swift */; };
		63C15F781DB6BEAB00C8DB46 /* Receita.swift in Sources */ = {isa = PBXBuildFile; fileRef = 63C15F771DB6BEAB00C8DB46 /* Receita.swift */; };
		63D507341DA33601008FB1C3 /* flash26.png in Resources */ = {isa = PBXBuildFile; fileRef = 63D507311DA33601008FB1C3 /* flash26.png */; };
		63D507351DA33601008FB1C3 /* pintado26.png in Resources */ = {isa = PBXBuildFile; fileRef = 63D507321DA33601008FB1C3 /* pintado26.png */; };
		63DD76601DBEB10000B1E051 /* icon_mf_2.png in Resources */ = {isa = PBXBuildFile; fileRef = 63DD765F1DBEB10000B1E051 /* icon_mf_2.png */; };
		63DD76641DBEB12200B1E051 /* Prescriptions.png in Resources */ = {isa = PBXBuildFile; fileRef = 63DD76611DBEB12200B1E051 /* Prescriptions.png */; };
		63DD76651DBEB12200B1E051 /* Medications.png in Resources */ = {isa = PBXBuildFile; fileRef = 63DD76621DBEB12200B1E051 /* Medications.png */; };
		63DD76661DBEB12200B1E051 /* Users.png in Resources */ = {isa = PBXBuildFile; fileRef = 63DD76631DBEB12200B1E051 /* Users.png */; };
		63DD76681DBEBF8600B1E051 /* delete26.png in Resources */ = {isa = PBXBuildFile; fileRef = 63DD76671DBEBF8600B1E051 /* delete26.png */; };
		63DD766A1DBEC85200B1E051 /* MedicamentoDAO.swift in Sources */ = {isa = PBXBuildFile; fileRef = 63DD76691DBEC85200B1E051 /* MedicamentoDAO.swift */; };
		63DD766C1DBECB8500B1E051 /* DosagemDAO.swift in Sources */ = {isa = PBXBuildFile; fileRef = 63DD766B1DBECB8500B1E051 /* DosagemDAO.swift */; };
		63DF3B3B1DA6FA3E00896F34 /* logo_mf_transparente.png in Resources */ = {isa = PBXBuildFile; fileRef = 63DF3B3A1DA6FA3E00896F34 /* logo_mf_transparente.png */; };
		63E111481DB2D30C005D319D /* TrocaViewController.swift in Sources */ = {isa = PBXBuildFile; fileRef = 63E111471DB2D30C005D319D /* TrocaViewController.swift */; };
		63E1114A1DB312E7005D319D /* PerfilViewController.swift in Sources */ = {isa = PBXBuildFile; fileRef = 63E111491DB312E7005D319D /* PerfilViewController.swift */; };
		63E1114C1DB31B58005D319D /* CellPerfilTableViewCell.swift in Sources */ = {isa = PBXBuildFile; fileRef = 63E1114B1DB31B58005D319D /* CellPerfilTableViewCell.swift */; };
		63FA4DBB1DC1835C00FC07B9 /* LocalNotificationHelper.swift in Sources */ = {isa = PBXBuildFile; fileRef = 63FA4DBA1DC1835C00FC07B9 /* LocalNotificationHelper.swift */; };
		63FA4DBD1DC1A37300FC07B9 /* Notificacao.swift in Sources */ = {isa = PBXBuildFile; fileRef = 63FA4DBC1DC1A37300FC07B9 /* Notificacao.swift */; };
		63FA4DBF1DC1A55400FC07B9 /* NotificacaoDAO.swift in Sources */ = {isa = PBXBuildFile; fileRef = 63FA4DBE1DC1A55400FC07B9 /* NotificacaoDAO.swift */; };
/* End PBXBuildFile section */

/* Begin PBXCopyFilesBuildPhase section */
		6393CA6A1D55190E003B3E71 /* Embed Frameworks */ = {
			isa = PBXCopyFilesBuildPhase;
			buildActionMask = 2147483647;
			dstPath = "";
			dstSubfolderSpec = 10;
			files = (
				6393CA691D55190E003B3E71 /* Alamofire.framework in Embed Frameworks */,
			);
			name = "Embed Frameworks";
			runOnlyForDeploymentPostprocessing = 0;
		};
/* End PBXCopyFilesBuildPhase section */

/* Begin PBXFileReference section */
		63046D4F1D82EC79003E1A5D /* DosagemViewController.swift */ = {isa = PBXFileReference; fileEncoding = 4; lastKnownFileType = sourcecode.swift; path = DosagemViewController.swift; sourceTree = "<group>"; };
		63046D511D83B9E8003E1A5D /* DosagemMedicamento.swift */ = {isa = PBXFileReference; fileEncoding = 4; lastKnownFileType = sourcecode.swift; path = DosagemMedicamento.swift; sourceTree = "<group>"; };
		6308A1CA1D4C66A10042BE2C /* TesteViewController.swift */ = {isa = PBXFileReference; fileEncoding = 4; lastKnownFileType = sourcecode.swift; path = TesteViewController.swift; sourceTree = "<group>"; };
		6309E0261DB45CCC001E1B98 /* TableViewCellPerfil.swift */ = {isa = PBXFileReference; fileEncoding = 4; lastKnownFileType = sourcecode.swift; path = TableViewCellPerfil.swift; sourceTree = "<group>"; };
		630C3C6B1D4AA5D800312CC5 /* Minha Farmacia.app */ = {isa = PBXFileReference; explicitFileType = wrapper.application; includeInIndex = 0; path = "Minha Farmacia.app"; sourceTree = BUILT_PRODUCTS_DIR; };
		630C3C6E1D4AA5D800312CC5 /* AppDelegate.swift */ = {isa = PBXFileReference; lastKnownFileType = sourcecode.swift; path = AppDelegate.swift; sourceTree = "<group>"; };
		630C3C731D4AA5D800312CC5 /* Base */ = {isa = PBXFileReference; lastKnownFileType = file.storyboard; name = Base; path = Base.lproj/Main.storyboard; sourceTree = "<group>"; };
		630C3C761D4AA5D800312CC5 /* Minha_Farmacia.xcdatamodel */ = {isa = PBXFileReference; lastKnownFileType = wrapper.xcdatamodel; path = Minha_Farmacia.xcdatamodel; sourceTree = "<group>"; };
		630C3C781D4AA5D800312CC5 /* Assets.xcassets */ = {isa = PBXFileReference; lastKnownFileType = folder.assetcatalog; path = Assets.xcassets; sourceTree = "<group>"; };
		630C3C7B1D4AA5D800312CC5 /* Base */ = {isa = PBXFileReference; lastKnownFileType = file.storyboard; name = Base; path = Base.lproj/LaunchScreen.storyboard; sourceTree = "<group>"; };
		630C3C7D1D4AA5D800312CC5 /* Info.plist */ = {isa = PBXFileReference; lastKnownFileType = text.plist.xml; path = Info.plist; sourceTree = "<group>"; };
		631136EB1D66223E004BA4B8 /* UrlWS.swift */ = {isa = PBXFileReference; fileEncoding = 4; lastKnownFileType = sourcecode.swift; path = UrlWS.swift; sourceTree = "<group>"; };
		631136ED1D666EBE004BA4B8 /* back.png */ = {isa = PBXFileReference; lastKnownFileType = image.png; path = back.png; sourceTree = "<group>"; };
		631136F01D681C00004BA4B8 /* Medicamento.swift */ = {isa = PBXFileReference; fileEncoding = 4; lastKnownFileType = sourcecode.swift; path = Medicamento.swift; sourceTree = "<group>"; };
		631136F21D681F84004BA4B8 /* remedio.png */ = {isa = PBXFileReference; lastKnownFileType = image.png; path = remedio.png; sourceTree = "<group>"; };
		631136F41D68BD42004BA4B8 /* minhaf.png */ = {isa = PBXFileReference; lastKnownFileType = image.png; path = minhaf.png; sourceTree = "<group>"; };
		631136F61D68C92B004BA4B8 /* TelaLoginViewController.swift */ = {isa = PBXFileReference; fileEncoding = 4; lastKnownFileType = sourcecode.swift; name = TelaLoginViewController.swift; path = ../TelaLoginViewController.swift; sourceTree = "<group>"; };
		631154DC1D60392A009C18DA /* ok.png */ = {isa = PBXFileReference; lastKnownFileType = image.png; path = ok.png; sourceTree = "<group>"; };
		631154DD1D60392A009C18DA /* negado.png */ = {isa = PBXFileReference; lastKnownFileType = image.png; path = negado.png; sourceTree = "<group>"; };
		631661421DB6C4B700A6BAE7 /* CadastroReceitaViewController.swift */ = {isa = PBXFileReference; fileEncoding = 4; lastKnownFileType = sourcecode.swift; path = CadastroReceitaViewController.swift; sourceTree = "<group>"; };
		631839791D693D4F008BBB18 /* barcode.png */ = {isa = PBXFileReference; lastKnownFileType = image.png; path = barcode.png; sourceTree = "<group>"; };
		631C142D1D4D1CE60041675F /* Util.swift */ = {isa = PBXFileReference; fileEncoding = 4; lastKnownFileType = sourcecode.swift; path = Util.swift; sourceTree = "<group>"; };
		632726661D64EAB800580E18 /* medicamento.png */ = {isa = PBXFileReference; lastKnownFileType = image.png; path = medicamento.png; sourceTree = "<group>"; };
		632726671D64EAB800580E18 /* perfil.png */ = {isa = PBXFileReference; lastKnownFileType = image.png; path = perfil.png; sourceTree = "<group>"; };
		632726681D64EAB800580E18 /* receita.png */ = {isa = PBXFileReference; lastKnownFileType = image.png; path = receita.png; sourceTree = "<group>"; };
		63340C181DB5EA47001BA556 /* logo_mf_transparente.png */ = {isa = PBXFileReference; lastKnownFileType = image.png; path = logo_mf_transparente.png; sourceTree = "<group>"; };
		633557EB1DB4545500A72FD7 /* TestePerilViewController.swift */ = {isa = PBXFileReference; fileEncoding = 4; lastKnownFileType = sourcecode.swift; path = TestePerilViewController.swift; sourceTree = "<group>"; };
		6361CD911D5A660600F00C2B /* TelaCadastroViewController.swift */ = {isa = PBXFileReference; fileEncoding = 4; lastKnownFileType = sourcecode.swift; path = TelaCadastroViewController.swift; sourceTree = "<group>"; };
		6362F85D1DB9DEA6008E2BAB /* DetalhaReceitaViewController.swift */ = {isa = PBXFileReference; fileEncoding = 4; lastKnownFileType = sourcecode.swift; path = DetalhaReceitaViewController.swift; sourceTree = "<group>"; };
		63737C9C1DB16A880020E2C4 /* 1476235384_more.png */ = {isa = PBXFileReference; lastKnownFileType = image.png; path = 1476235384_more.png; sourceTree = "<group>"; };
		63737C9D1DB16A880020E2C4 /* 1476235384_more3030.png */ = {isa = PBXFileReference; lastKnownFileType = image.png; path = 1476235384_more3030.png; sourceTree = "<group>"; };
		63737C9E1DB16A880020E2C4 /* 1476235388_more.png */ = {isa = PBXFileReference; lastKnownFileType = image.png; path = 1476235388_more.png; sourceTree = "<group>"; };
		63737C9F1DB16A880020E2C4 /* more_preenchido_3030.png */ = {isa = PBXFileReference; lastKnownFileType = image.png; path = more_preenchido_3030.png; sourceTree = "<group>"; };
		63737CA01DB16A880020E2C4 /* 1476235582_Doctors_2.png */ = {isa = PBXFileReference; lastKnownFileType = image.png; path = 1476235582_Doctors_2.png; sourceTree = "<group>"; };
		63737CA11DB16A880020E2C4 /* remedio_3030.png */ = {isa = PBXFileReference; lastKnownFileType = image.png; path = remedio_3030.png; sourceTree = "<group>"; };
		63737CA21DB16A880020E2C4 /* 1476235589_Doctors_1.png */ = {isa = PBXFileReference; lastKnownFileType = image.png; path = 1476235589_Doctors_1.png; sourceTree = "<group>"; };
		63737CA31DB16A880020E2C4 /* medicamento_borda_3030.png */ = {isa = PBXFileReference; lastKnownFileType = image.png; path = medicamento_borda_3030.png; sourceTree = "<group>"; };
		63737CA41DB16A880020E2C4 /* 1476236532_Error_Symbol.png */ = {isa = PBXFileReference; lastKnownFileType = image.png; path = 1476236532_Error_Symbol.png; sourceTree = "<group>"; };
		63737CA51DB16A880020E2C4 /* 1476236643_Yes.png */ = {isa = PBXFileReference; lastKnownFileType = image.png; path = 1476236643_Yes.png; sourceTree = "<group>"; };
		63737CA61DB16A880020E2C4 /* Circled User Male Filled-50.png */ = {isa = PBXFileReference; lastKnownFileType = image.png; path = "Circled User Male Filled-50.png"; sourceTree = "<group>"; };
		63737CA71DB16A880020E2C4 /* perfil_preenchido_3030.png */ = {isa = PBXFileReference; lastKnownFileType = image.png; path = perfil_preenchido_3030.png; sourceTree = "<group>"; };
		63737CA81DB16A880020E2C4 /* Circled User Male-50.png */ = {isa = PBXFileReference; lastKnownFileType = image.png; path = "Circled User Male-50.png"; sourceTree = "<group>"; };
		63737CA91DB16A880020E2C4 /* perfil_borda_3030.png */ = {isa = PBXFileReference; lastKnownFileType = image.png; path = perfil_borda_3030.png; sourceTree = "<group>"; };
		63737CAA1DB16A880020E2C4 /* drugs.png */ = {isa = PBXFileReference; lastKnownFileType = image.png; path = drugs.png; sourceTree = "<group>"; };
		63737CAB1DB16A880020E2C4 /* Treatment Plan Filled-50.png */ = {isa = PBXFileReference; lastKnownFileType = image.png; path = "Treatment Plan Filled-50.png"; sourceTree = "<group>"; };
		63737CAC1DB16A880020E2C4 /* receitasPreenchido_3030.png */ = {isa = PBXFileReference; lastKnownFileType = image.png; path = receitasPreenchido_3030.png; sourceTree = "<group>"; };
		63737CAD1DB16A880020E2C4 /* Treatment Plan-50.png */ = {isa = PBXFileReference; lastKnownFileType = image.png; path = "Treatment Plan-50.png"; sourceTree = "<group>"; };
		63737CAE1DB16A880020E2C4 /* receitas_3030.png */ = {isa = PBXFileReference; lastKnownFileType = image.png; path = receitas_3030.png; sourceTree = "<group>"; };
		63737CC21DB178AB0020E2C4 /* more_borda_3030.png */ = {isa = PBXFileReference; lastKnownFileType = image.png; path = more_borda_3030.png; sourceTree = "<group>"; };
		637384C91D6BCF6300DAB413 /* Casablanca Noir Personal Use.ttf */ = {isa = PBXFileReference; lastKnownFileType = file; path = "Casablanca Noir Personal Use.ttf"; sourceTree = "<group>"; };
		637384CB1D6BCF7600DAB413 /* Catherine de Beaumont.ttf */ = {isa = PBXFileReference; lastKnownFileType = file; path = "Catherine de Beaumont.ttf"; sourceTree = "<group>"; };
		637F16D91D962B05004017FE /* DetalhamentoMedicamentoTableViewController.swift */ = {isa = PBXFileReference; fileEncoding = 4; lastKnownFileType = sourcecode.swift; path = DetalhamentoMedicamentoTableViewController.swift; sourceTree = "<group>"; };
		6382F0C91D64EEC900958E54 /* MedicamentoCollectionViewCell.swift */ = {isa = PBXFileReference; fileEncoding = 4; lastKnownFileType = sourcecode.swift; name = MedicamentoCollectionViewCell.swift; path = ../MedicamentoCollectionViewCell.swift; sourceTree = "<group>"; };
		6382F0CB1D64EF7E00958E54 /* MedicamentoViewController.swift */ = {isa = PBXFileReference; fileEncoding = 4; lastKnownFileType = sourcecode.swift; path = MedicamentoViewController.swift; sourceTree = "<group>"; };
		6382F0CD1D64F6C200958E54 /* plus.png */ = {isa = PBXFileReference; lastKnownFileType = image.png; path = plus.png; sourceTree = "<group>"; };
		6382F0CF1D64F96800958E54 /* plus2.png */ = {isa = PBXFileReference; lastKnownFileType = image.png; path = plus2.png; sourceTree = "<group>"; };
		6382F0D11D65008F00958E54 /* CadastrarMedicamentoViewController.swift */ = {isa = PBXFileReference; fileEncoding = 4; lastKnownFileType = sourcecode.swift; name = CadastrarMedicamentoViewController.swift; path = ../CadastrarMedicamentoViewController.swift; sourceTree = "<group>"; };
		6382F0D81D652AF300958E54 /* ReceitaCollectionViewCell.swift */ = {isa = PBXFileReference; fileEncoding = 4; lastKnownFileType = sourcecode.swift; path = ReceitaCollectionViewCell.swift; sourceTree = "<group>"; };
		6382F0DA1D652B5700958E54 /* ReceitaViewController.swift */ = {isa = PBXFileReference; fileEncoding = 4; lastKnownFileType = sourcecode.swift; path = ReceitaViewController.swift; sourceTree = "<group>"; };
		638AE9BB1DBA54B500F76A20 /* UsuarioDAO.swift */ = {isa = PBXFileReference; fileEncoding = 4; lastKnownFileType = sourcecode.swift; path = UsuarioDAO.swift; sourceTree = "<group>"; };
		6393CA661D551904003B3E71 /* Alamofire.framework */ = {isa = PBXFileReference; lastKnownFileType = wrapper.framework; name = Alamofire.framework; path = Carthage/Build/iOS/Alamofire.framework; sourceTree = "<group>"; };
		6393CA6D1D55312B003B3E71 /* Usuario.swift */ = {isa = PBXFileReference; fileEncoding = 4; lastKnownFileType = sourcecode.swift; path = Usuario.swift; sourceTree = "<group>"; };
		6393CA6F1D55B2A2003B3E71 /* homem.png */ = {isa = PBXFileReference; lastKnownFileType = image.png; path = homem.png; sourceTree = "<group>"; };
		6393CA701D55B2A2003B3E71 /* mulher.png */ = {isa = PBXFileReference; lastKnownFileType = image.png; path = mulher.png; sourceTree = "<group>"; };
		6393CA731D55B397003B3E71 /* indefinido.png */ = {isa = PBXFileReference; lastKnownFileType = image.png; path = indefinido.png; sourceTree = "<group>"; };
		639DEFCA1D955E4600819E64 /* DetalhamentoMedicamentoViewController.swift */ = {isa = PBXFileReference; fileEncoding = 4; lastKnownFileType = sourcecode.swift; path = DetalhamentoMedicamentoViewController.swift; sourceTree = "<group>"; };
		63A0EECA1DB1AC8000398056 /* flash_preenchido.png */ = {isa = PBXFileReference; lastKnownFileType = image.png; path = flash_preenchido.png; sourceTree = "<group>"; };
		63A0EECB1DB1AC8000398056 /* flash_borda.png */ = {isa = PBXFileReference; lastKnownFileType = image.png; path = flash_borda.png; sourceTree = "<group>"; };
		63A4EB591D4ABFDB007C6B20 /* Bolts.framework */ = {isa = PBXFileReference; lastKnownFileType = wrapper.framework; path = Bolts.framework; sourceTree = "<group>"; };
		63A4EB5A1D4ABFDB007C6B20 /* Parse.framework */ = {isa = PBXFileReference; lastKnownFileType = wrapper.framework; path = Parse.framework; sourceTree = "<group>"; };
		63A4EB5E1D4AC116007C6B20 /* SystemConfiguration.framework */ = {isa = PBXFileReference; lastKnownFileType = wrapper.framework; name = SystemConfiguration.framework; path = System/Library/Frameworks/SystemConfiguration.framework; sourceTree = SDKROOT; };
		63A4EB601D4AC11D007C6B20 /* AudioToolbox.framework */ = {isa = PBXFileReference; lastKnownFileType = wrapper.framework; name = AudioToolbox.framework; path = System/Library/Frameworks/AudioToolbox.framework; sourceTree = SDKROOT; };
		63A4EB621D4AC124007C6B20 /* libsqlite3.0.tbd */ = {isa = PBXFileReference; lastKnownFileType = "sourcecode.text-based-dylib-definition"; name = libsqlite3.0.tbd; path = usr/lib/libsqlite3.0.tbd; sourceTree = SDKROOT; };
		63A4EB641D4AC2A7007C6B20 /* FBSDKCoreKit.framework */ = {isa = PBXFileReference; lastKnownFileType = wrapper.framework; name = FBSDKCoreKit.framework; path = "../../Frameworks/FacebookSDKs-iOS-4.14.0/FBSDKCoreKit.framework"; sourceTree = "<group>"; };
		63A4EB651D4AC2A7007C6B20 /* FBSDKLoginKit.framework */ = {isa = PBXFileReference; lastKnownFileType = wrapper.framework; name = FBSDKLoginKit.framework; path = "../../Frameworks/FacebookSDKs-iOS-4.14.0/FBSDKLoginKit.framework"; sourceTree = "<group>"; };
		63A4EB681D4AC3C6007C6B20 /* ParseStarterProject-Bridging-Header.h */ = {isa = PBXFileReference; lastKnownFileType = sourcecode.c.h; path = "ParseStarterProject-Bridging-Header.h"; sourceTree = "<group>"; };
		63A4EB691D4AC48F007C6B20 /* ParseFacebookUtilsV4.framework */ = {isa = PBXFileReference; lastKnownFileType = wrapper.framework; path = ParseFacebookUtilsV4.framework; sourceTree = "<group>"; };
		63C15F721DB6A74D00C8DB46 /* VerificarConexao.swift */ = {isa = PBXFileReference; fileEncoding = 4; lastKnownFileType = sourcecode.swift; path = VerificarConexao.swift; sourceTree = "<group>"; };
		63C15F771DB6BEAB00C8DB46 /* Receita.swift */ = {isa = PBXFileReference; fileEncoding = 4; lastKnownFileType = sourcecode.swift; path = Receita.swift; sourceTree = "<group>"; };
		63D507311DA33601008FB1C3 /* flash26.png */ = {isa = PBXFileReference; lastKnownFileType = image.png; path = flash26.png; sourceTree = "<group>"; };
		63D507321DA33601008FB1C3 /* pintado26.png */ = {isa = PBXFileReference; lastKnownFileType = image.png; path = pintado26.png; sourceTree = "<group>"; };
		63DD765F1DBEB10000B1E051 /* icon_mf_2.png */ = {isa = PBXFileReference; lastKnownFileType = image.png; path = icon_mf_2.png; sourceTree = "<group>"; };
		63DD76611DBEB12200B1E051 /* Prescriptions.png */ = {isa = PBXFileReference; lastKnownFileType = image.png; path = Prescriptions.png; sourceTree = "<group>"; };
		63DD76621DBEB12200B1E051 /* Medications.png */ = {isa = PBXFileReference; lastKnownFileType = image.png; path = Medications.png; sourceTree = "<group>"; };
		63DD76631DBEB12200B1E051 /* Users.png */ = {isa = PBXFileReference; lastKnownFileType = image.png; path = Users.png; sourceTree = "<group>"; };
		63DD76671DBEBF8600B1E051 /* delete26.png */ = {isa = PBXFileReference; lastKnownFileType = image.png; path = delete26.png; sourceTree = "<group>"; };
		63DD76691DBEC85200B1E051 /* MedicamentoDAO.swift */ = {isa = PBXFileReference; fileEncoding = 4; lastKnownFileType = sourcecode.swift; path = MedicamentoDAO.swift; sourceTree = "<group>"; };
		63DD766B1DBECB8500B1E051 /* DosagemDAO.swift */ = {isa = PBXFileReference; fileEncoding = 4; lastKnownFileType = sourcecode.swift; path = DosagemDAO.swift; sourceTree = "<group>"; };
		63DF3B3A1DA6FA3E00896F34 /* logo_mf_transparente.png */ = {isa = PBXFileReference; lastKnownFileType = image.png; path = logo_mf_transparente.png; sourceTree = "<group>"; };
		63E111471DB2D30C005D319D /* TrocaViewController.swift */ = {isa = PBXFileReference; fileEncoding = 4; lastKnownFileType = sourcecode.swift; path = TrocaViewController.swift; sourceTree = "<group>"; };
		63E111491DB312E7005D319D /* PerfilViewController.swift */ = {isa = PBXFileReference; fileEncoding = 4; lastKnownFileType = sourcecode.swift; path = PerfilViewController.swift; sourceTree = "<group>"; };
		63E1114B1DB31B58005D319D /* CellPerfilTableViewCell.swift */ = {isa = PBXFileReference; fileEncoding = 4; lastKnownFileType = sourcecode.swift; path = CellPerfilTableViewCell.swift; sourceTree = "<group>"; };
		63FA4DBA1DC1835C00FC07B9 /* LocalNotificationHelper.swift */ = {isa = PBXFileReference; fileEncoding = 4; lastKnownFileType = sourcecode.swift; path = LocalNotificationHelper.swift; sourceTree = "<group>"; };
		63FA4DBC1DC1A37300FC07B9 /* Notificacao.swift */ = {isa = PBXFileReference; fileEncoding = 4; lastKnownFileType = sourcecode.swift; path = Notificacao.swift; sourceTree = "<group>"; };
		63FA4DBE1DC1A55400FC07B9 /* NotificacaoDAO.swift */ = {isa = PBXFileReference; fileEncoding = 4; lastKnownFileType = sourcecode.swift; path = NotificacaoDAO.swift; sourceTree = "<group>"; };
/* End PBXFileReference section */

/* Begin PBXFrameworksBuildPhase section */
		630C3C681D4AA5D800312CC5 /* Frameworks */ = {
			isa = PBXFrameworksBuildPhase;
			buildActionMask = 2147483647;
			files = (
				6393CA671D551904003B3E71 /* Alamofire.framework in Frameworks */,
				63A4EB631D4AC124007C6B20 /* libsqlite3.0.tbd in Frameworks */,
				63A4EB661D4AC2A7007C6B20 /* FBSDKCoreKit.framework in Frameworks */,
				6393CA681D55190E003B3E71 /* Alamofire.framework in Frameworks */,
				63A4EB6A1D4AC48F007C6B20 /* ParseFacebookUtilsV4.framework in Frameworks */,
				63A4EB611D4AC11D007C6B20 /* AudioToolbox.framework in Frameworks */,
				63A4EB5F1D4AC116007C6B20 /* SystemConfiguration.framework in Frameworks */,
				63A4EB671D4AC2A7007C6B20 /* FBSDKLoginKit.framework in Frameworks */,
				63A4EB5C1D4ABFDB007C6B20 /* Parse.framework in Frameworks */,
				63A4EB5B1D4ABFDB007C6B20 /* Bolts.framework in Frameworks */,
			);
			runOnlyForDeploymentPostprocessing = 0;
		};
/* End PBXFrameworksBuildPhase section */

/* Begin PBXGroup section */
		630C3C621D4AA5D800312CC5 = {
			isa = PBXGroup;
			children = (
				63DD765E1DBEB0CB00B1E051 /* icones_apresentado */,
				63737C9B1DB16A880020E2C4 /* ícones_prontos */,
				637384CB1D6BCF7600DAB413 /* Catherine de Beaumont.ttf */,
				63DF3B3A1DA6FA3E00896F34 /* logo_mf_transparente.png */,
				63D507311DA33601008FB1C3 /* flash26.png */,
				63D507321DA33601008FB1C3 /* pintado26.png */,
				637384C91D6BCF6300DAB413 /* Casablanca Noir Personal Use.ttf */,
				6382F0D61D651B4700958E54 /* Imagens */,
				63A4EB5D1D4ABFE7007C6B20 /* frameworks */,
				630C3C6D1D4AA5D800312CC5 /* Minha Farmacia */,
				630C3C6C1D4AA5D800312CC5 /* Products */,
			);
			sourceTree = "<group>";
		};
		630C3C6C1D4AA5D800312CC5 /* Products */ = {
			isa = PBXGroup;
			children = (
				630C3C6B1D4AA5D800312CC5 /* Minha Farmacia.app */,
			);
			name = Products;
			sourceTree = "<group>";
		};
		630C3C6D1D4AA5D800312CC5 /* Minha Farmacia */ = {
			isa = PBXGroup;
			children = (
				638AE9BA1DBA549100F76A20 /* objDAO */,
				63E111461DB2D2F2005D319D /* Perfil */,
				63F27D131D99D8270082B7A3 /* Dosagem */,
				631136F61D68C92B004BA4B8 /* TelaLoginViewController.swift */,
				631136EF1D681BEC004BA4B8 /* Objetos */,
				631136EA1D662222004BA4B8 /* Utlidades */,
				6382F0D71D652AA100958E54 /* Receita */,
				6382F0D51D651AF900958E54 /* Configuracoes */,
				6382F0D41D650AED00958E54 /* Usuario */,
				6382F0D31D650ACB00958E54 /* Medicamento */,
				630C3C721D4AA5D800312CC5 /* Main.storyboard */,
				630C3C781D4AA5D800312CC5 /* Assets.xcassets */,
				630C3C7A1D4AA5D800312CC5 /* LaunchScreen.storyboard */,
				630C3C751D4AA5D800312CC5 /* Minha_Farmacia.xcdatamodeld */,
			);
			path = "Minha Farmacia";
			sourceTree = "<group>";
		};
		631136EA1D662222004BA4B8 /* Utlidades */ = {
			isa = PBXGroup;
			children = (
				631C142D1D4D1CE60041675F /* Util.swift */,
				631136EB1D66223E004BA4B8 /* UrlWS.swift */,
				63C15F721DB6A74D00C8DB46 /* VerificarConexao.swift */,
				63FA4DBA1DC1835C00FC07B9 /* LocalNotificationHelper.swift */,
			);
			name = Utlidades;
			sourceTree = "<group>";
		};
		631136EF1D681BEC004BA4B8 /* Objetos */ = {
			isa = PBXGroup;
			children = (
				6393CA6D1D55312B003B3E71 /* Usuario.swift */,
				631136F01D681C00004BA4B8 /* Medicamento.swift */,
				63046D511D83B9E8003E1A5D /* DosagemMedicamento.swift */,
				63C15F771DB6BEAB00C8DB46 /* Receita.swift */,
				63FA4DBC1DC1A37300FC07B9 /* Notificacao.swift */,
			);
			name = Objetos;
			sourceTree = "<group>";
		};
		63737C9B1DB16A880020E2C4 /* ícones_prontos */ = {
			isa = PBXGroup;
			children = (
				63340C181DB5EA47001BA556 /* logo_mf_transparente.png */,
				63A0EECA1DB1AC8000398056 /* flash_preenchido.png */,
				63A0EECB1DB1AC8000398056 /* flash_borda.png */,
				63737CC21DB178AB0020E2C4 /* more_borda_3030.png */,
				63737C9C1DB16A880020E2C4 /* 1476235384_more.png */,
				63737C9D1DB16A880020E2C4 /* 1476235384_more3030.png */,
				63737C9E1DB16A880020E2C4 /* 1476235388_more.png */,
				63737C9F1DB16A880020E2C4 /* more_preenchido_3030.png */,
				63737CA01DB16A880020E2C4 /* 1476235582_Doctors_2.png */,
				63737CA11DB16A880020E2C4 /* remedio_3030.png */,
				63737CA21DB16A880020E2C4 /* 1476235589_Doctors_1.png */,
				63737CA31DB16A880020E2C4 /* medicamento_borda_3030.png */,
				63737CA41DB16A880020E2C4 /* 1476236532_Error_Symbol.png */,
				63737CA51DB16A880020E2C4 /* 1476236643_Yes.png */,
				63737CA61DB16A880020E2C4 /* Circled User Male Filled-50.png */,
				63737CA71DB16A880020E2C4 /* perfil_preenchido_3030.png */,
				63737CA81DB16A880020E2C4 /* Circled User Male-50.png */,
				63737CA91DB16A880020E2C4 /* perfil_borda_3030.png */,
				63737CAA1DB16A880020E2C4 /* drugs.png */,
				63737CAB1DB16A880020E2C4 /* Treatment Plan Filled-50.png */,
				63737CAC1DB16A880020E2C4 /* receitasPreenchido_3030.png */,
				63737CAD1DB16A880020E2C4 /* Treatment Plan-50.png */,
				63737CAE1DB16A880020E2C4 /* receitas_3030.png */,
			);
			path = "ícones_prontos";
			sourceTree = "<group>";
		};
		6382F0D31D650ACB00958E54 /* Medicamento */ = {
			isa = PBXGroup;
			children = (
				6382F0CB1D64EF7E00958E54 /* MedicamentoViewController.swift */,
				6382F0C91D64EEC900958E54 /* MedicamentoCollectionViewCell.swift */,
				6382F0D11D65008F00958E54 /* CadastrarMedicamentoViewController.swift */,
				639DEFCA1D955E4600819E64 /* DetalhamentoMedicamentoViewController.swift */,
			);
			name = Medicamento;
			sourceTree = "<group>";
		};
		6382F0D41D650AED00958E54 /* Usuario */ = {
			isa = PBXGroup;
			children = (
				6308A1CA1D4C66A10042BE2C /* TesteViewController.swift */,
				6361CD911D5A660600F00C2B /* TelaCadastroViewController.swift */,
				63E111491DB312E7005D319D /* PerfilViewController.swift */,
				63E1114B1DB31B58005D319D /* CellPerfilTableViewCell.swift */,
			);
			name = Usuario;
			sourceTree = "<group>";
		};
		6382F0D51D651AF900958E54 /* Configuracoes */ = {
			isa = PBXGroup;
			children = (
				630C3C7D1D4AA5D800312CC5 /* Info.plist */,
				63A4EB681D4AC3C6007C6B20 /* ParseStarterProject-Bridging-Header.h */,
				630C3C6E1D4AA5D800312CC5 /* AppDelegate.swift */,
			);
			name = Configuracoes;
			sourceTree = "<group>";
		};
		6382F0D61D651B4700958E54 /* Imagens */ = {
			isa = PBXGroup;
			children = (
				631136F41D68BD42004BA4B8 /* minhaf.png */,
				631136ED1D666EBE004BA4B8 /* back.png */,
				6393CA6F1D55B2A2003B3E71 /* homem.png */,
				6393CA701D55B2A2003B3E71 /* mulher.png */,
				6382F0CD1D64F6C200958E54 /* plus.png */,
				631839791D693D4F008BBB18 /* barcode.png */,
				6382F0CF1D64F96800958E54 /* plus2.png */,
				631154DC1D60392A009C18DA /* ok.png */,
				632726661D64EAB800580E18 /* medicamento.png */,
				632726671D64EAB800580E18 /* perfil.png */,
				632726681D64EAB800580E18 /* receita.png */,
				631154DD1D60392A009C18DA /* negado.png */,
				631136F21D681F84004BA4B8 /* remedio.png */,
				6393CA731D55B397003B3E71 /* indefinido.png */,
			);
			name = Imagens;
			sourceTree = "<group>";
		};
		6382F0D71D652AA100958E54 /* Receita */ = {
			isa = PBXGroup;
			children = (
				6382F0D81D652AF300958E54 /* ReceitaCollectionViewCell.swift */,
				6382F0DA1D652B5700958E54 /* ReceitaViewController.swift */,
				631661421DB6C4B700A6BAE7 /* CadastroReceitaViewController.swift */,
				6362F85D1DB9DEA6008E2BAB /* DetalhaReceitaViewController.swift */,
			);
			name = Receita;
			sourceTree = "<group>";
		};
		638AE9BA1DBA549100F76A20 /* objDAO */ = {
			isa = PBXGroup;
			children = (
				638AE9BB1DBA54B500F76A20 /* UsuarioDAO.swift */,
				63DD76691DBEC85200B1E051 /* MedicamentoDAO.swift */,
				63DD766B1DBECB8500B1E051 /* DosagemDAO.swift */,
				63FA4DBE1DC1A55400FC07B9 /* NotificacaoDAO.swift */,
			);
			name = objDAO;
			sourceTree = "<group>";
		};
		63A4EB5D1D4ABFE7007C6B20 /* frameworks */ = {
			isa = PBXGroup;
			children = (
				6393CA661D551904003B3E71 /* Alamofire.framework */,
				63A4EB641D4AC2A7007C6B20 /* FBSDKCoreKit.framework */,
				63A4EB651D4AC2A7007C6B20 /* FBSDKLoginKit.framework */,
				63A4EB621D4AC124007C6B20 /* libsqlite3.0.tbd */,
				63A4EB691D4AC48F007C6B20 /* ParseFacebookUtilsV4.framework */,
				63A4EB601D4AC11D007C6B20 /* AudioToolbox.framework */,
				63A4EB5E1D4AC116007C6B20 /* SystemConfiguration.framework */,
				63A4EB591D4ABFDB007C6B20 /* Bolts.framework */,
				63A4EB5A1D4ABFDB007C6B20 /* Parse.framework */,
			);
			name = frameworks;
			sourceTree = "<group>";
		};
		63DD765E1DBEB0CB00B1E051 /* icones_apresentado */ = {
			isa = PBXGroup;
			children = (
				63DD76671DBEBF8600B1E051 /* delete26.png */,
				63DD76611DBEB12200B1E051 /* Prescriptions.png */,
				63DD76621DBEB12200B1E051 /* Medications.png */,
				63DD76631DBEB12200B1E051 /* Users.png */,
				63DD765F1DBEB10000B1E051 /* icon_mf_2.png */,
			);
			name = icones_apresentado;
			sourceTree = "<group>";
		};
		63E111461DB2D2F2005D319D /* Perfil */ = {
			isa = PBXGroup;
			children = (
				63E111471DB2D30C005D319D /* TrocaViewController.swift */,
				633557EB1DB4545500A72FD7 /* TestePerilViewController.swift */,
				6309E0261DB45CCC001E1B98 /* TableViewCellPerfil.swift */,
			);
			name = Perfil;
			sourceTree = "<group>";
		};
		63F27D131D99D8270082B7A3 /* Dosagem */ = {
			isa = PBXGroup;
			children = (
				637F16D91D962B05004017FE /* DetalhamentoMedicamentoTableViewController.swift */,
				63046D4F1D82EC79003E1A5D /* DosagemViewController.swift */,
			);
			name = Dosagem;
			sourceTree = "<group>";
		};
/* End PBXGroup section */

/* Begin PBXNativeTarget section */
		630C3C6A1D4AA5D800312CC5 /* Minha Farmacia */ = {
			isa = PBXNativeTarget;
			buildConfigurationList = 630C3C801D4AA5D800312CC5 /* Build configuration list for PBXNativeTarget "Minha Farmacia" */;
			buildPhases = (
				630C3C671D4AA5D800312CC5 /* Sources */,
				630C3C681D4AA5D800312CC5 /* Frameworks */,
				630C3C691D4AA5D800312CC5 /* Resources */,
				6393CA6A1D55190E003B3E71 /* Embed Frameworks */,
			);
			buildRules = (
			);
			dependencies = (
			);
			name = "Minha Farmacia";
			productName = "Minha Farmacia";
			productReference = 630C3C6B1D4AA5D800312CC5 /* Minha Farmacia.app */;
			productType = "com.apple.product-type.application";
		};
/* End PBXNativeTarget section */

/* Begin PBXProject section */
		630C3C631D4AA5D800312CC5 /* Project object */ = {
			isa = PBXProject;
			attributes = {
				LastSwiftUpdateCheck = 0730;
				LastUpgradeCheck = 0730;
				ORGANIZATIONNAME = "Kleiton Batista";
				TargetAttributes = {
					630C3C6A1D4AA5D800312CC5 = {
						CreatedOnToolsVersion = 7.3.1;
						DevelopmentTeam = 2NP85M2W3W;
					};
				};
			};
			buildConfigurationList = 630C3C661D4AA5D800312CC5 /* Build configuration list for PBXProject "Farmácia" */;
			compatibilityVersion = "Xcode 3.2";
			developmentRegion = English;
			hasScannedForEncodings = 0;
			knownRegions = (
				en,
				Base,
			);
			mainGroup = 630C3C621D4AA5D800312CC5;
			productRefGroup = 630C3C6C1D4AA5D800312CC5 /* Products */;
			projectDirPath = "";
			projectRoot = "";
			targets = (
				630C3C6A1D4AA5D800312CC5 /* Minha Farmacia */,
			);
		};
/* End PBXProject section */

/* Begin PBXResourcesBuildPhase section */
		630C3C691D4AA5D800312CC5 /* Resources */ = {
			isa = PBXResourcesBuildPhase;
			buildActionMask = 2147483647;
			files = (
				63737CC01DB16A880020E2C4 /* Treatment Plan-50.png in Resources */,
				63DD76601DBEB10000B1E051 /* icon_mf_2.png in Resources */,
				63737CC31DB178AB0020E2C4 /* more_borda_3030.png in Resources */,
				63A0EECC1DB1AC8000398056 /* flash_preenchido.png in Resources */,
				63737CBD1DB16A880020E2C4 /* drugs.png in Resources */,
				637384CA1D6BCF6300DAB413 /* Casablanca Noir Personal Use.ttf in Resources */,
				63737CB61DB16A880020E2C4 /* medicamento_borda_3030.png in Resources */,
				63A0EECD1DB1AC8000398056 /* flash_borda.png in Resources */,
				63737CBE1DB16A880020E2C4 /* Treatment Plan Filled-50.png in Resources */,
				63DF3B3B1DA6FA3E00896F34 /* logo_mf_transparente.png in Resources */,
				631136F51D68BD42004BA4B8 /* minhaf.png in Resources */,
				63737CBF1DB16A880020E2C4 /* receitasPreenchido_3030.png in Resources */,
				6393CA711D55B2A2003B3E71 /* homem.png in Resources */,
				63737CB81DB16A880020E2C4 /* 1476236643_Yes.png in Resources */,
				63737CB71DB16A880020E2C4 /* 1476236532_Error_Symbol.png in Resources */,
				63737CBB1DB16A880020E2C4 /* Circled User Male-50.png in Resources */,
				6327266A1D64EAB800580E18 /* perfil.png in Resources */,
				6393CA741D55B397003B3E71 /* indefinido.png in Resources */,
				63D507341DA33601008FB1C3 /* flash26.png in Resources */,
				6382F0D01D64F96800958E54 /* plus2.png in Resources */,
				63D507351DA33601008FB1C3 /* pintado26.png in Resources */,
				631136EE1D666EBE004BA4B8 /* back.png in Resources */,
				631154DF1D60392A009C18DA /* negado.png in Resources */,
				631154DE1D60392A009C18DA /* ok.png in Resources */,
				6382F0CE1D64F6C200958E54 /* plus.png in Resources */,
				6318397A1D693D4F008BBB18 /* barcode.png in Resources */,
				6393CA721D55B2A2003B3E71 /* mulher.png in Resources */,
				63737CB01DB16A880020E2C4 /* 1476235384_more3030.png in Resources */,
				63737CB31DB16A880020E2C4 /* 1476235582_Doctors_2.png in Resources */,
				63DD76661DBEB12200B1E051 /* Users.png in Resources */,
				63737CBC1DB16A880020E2C4 /* perfil_borda_3030.png in Resources */,
				63DD76651DBEB12200B1E051 /* Medications.png in Resources */,
				6327266B1D64EAB800580E18 /* receita.png in Resources */,
				63737CB91DB16A880020E2C4 /* Circled User Male Filled-50.png in Resources */,
				630C3C7C1D4AA5D800312CC5 /* LaunchScreen.storyboard in Resources */,
				630C3C791D4AA5D800312CC5 /* Assets.xcassets in Resources */,
				632726691D64EAB800580E18 /* medicamento.png in Resources */,
				63737CB11DB16A880020E2C4 /* 1476235388_more.png in Resources */,
				631136F31D681F84004BA4B8 /* remedio.png in Resources */,
				63737CBA1DB16A880020E2C4 /* perfil_preenchido_3030.png in Resources */,
				63340C191DB5EA47001BA556 /* logo_mf_transparente.png in Resources */,
				637384CC1D6BCF7600DAB413 /* Catherine de Beaumont.ttf in Resources */,
				63DD76641DBEB12200B1E051 /* Prescriptions.png in Resources */,
				630C3C741D4AA5D800312CC5 /* Main.storyboard in Resources */,
				63737CAF1DB16A880020E2C4 /* 1476235384_more.png in Resources */,
				63737CB41DB16A880020E2C4 /* remedio_3030.png in Resources */,
				63737CB51DB16A880020E2C4 /* 1476235589_Doctors_1.png in Resources */,
				63737CB21DB16A880020E2C4 /* more_preenchido_3030.png in Resources */,
				63DD76681DBEBF8600B1E051 /* delete26.png in Resources */,
				63737CC11DB16A880020E2C4 /* receitas_3030.png in Resources */,
			);
			runOnlyForDeploymentPostprocessing = 0;
		};
/* End PBXResourcesBuildPhase section */

/* Begin PBXSourcesBuildPhase section */
		630C3C671D4AA5D800312CC5 /* Sources */ = {
			isa = PBXSourcesBuildPhase;
			buildActionMask = 2147483647;
			files = (
				6309E0271DB45CCC001E1B98 /* TableViewCellPerfil.swift in Sources */,
				6393CA6E1D55312B003B3E71 /* Usuario.swift in Sources */,
				6382F0D21D65008F00958E54 /* CadastrarMedicamentoViewController.swift in Sources */,
				631136F11D681C00004BA4B8 /* Medicamento.swift in Sources */,
				637F16DA1D962B05004017FE /* DetalhamentoMedicamentoTableViewController.swift in Sources */,
				63E1114C1DB31B58005D319D /* CellPerfilTableViewCell.swift in Sources */,
				6382F0CA1D64EEC900958E54 /* MedicamentoCollectionViewCell.swift in Sources */,
				631136EC1D66223E004BA4B8 /* UrlWS.swift in Sources */,
				63C15F781DB6BEAB00C8DB46 /* Receita.swift in Sources */,
				63E1114A1DB312E7005D319D /* PerfilViewController.swift in Sources */,
				63046D501D82EC79003E1A5D /* DosagemViewController.swift in Sources */,
				6308A1CB1D4C66A10042BE2C /* TesteViewController.swift in Sources */,
				63FA4DBD1DC1A37300FC07B9 /* Notificacao.swift in Sources */,
				63DD766A1DBEC85200B1E051 /* MedicamentoDAO.swift in Sources */,
				631136F71D68C92B004BA4B8 /* TelaLoginViewController.swift in Sources */,
				6382F0CC1D64EF7E00958E54 /* MedicamentoViewController.swift in Sources */,
				63DD766C1DBECB8500B1E051 /* DosagemDAO.swift in Sources */,
				6362F85E1DB9DEA6008E2BAB /* DetalhaReceitaViewController.swift in Sources */,
				631C142E1D4D1CE60041675F /* Util.swift in Sources */,
				633557EC1DB4545500A72FD7 /* TestePerilViewController.swift in Sources */,
				630C3C771D4AA5D800312CC5 /* Minha_Farmacia.xcdatamodeld in Sources */,
				631661431DB6C4B700A6BAE7 /* CadastroReceitaViewController.swift in Sources */,
				638AE9BC1DBA54B500F76A20 /* UsuarioDAO.swift in Sources */,
				639DEFCB1D955E4600819E64 /* DetalhamentoMedicamentoViewController.swift in Sources */,
				63C15F731DB6A74D00C8DB46 /* VerificarConexao.swift in Sources */,
				630C3C6F1D4AA5D800312CC5 /* AppDelegate.swift in Sources */,
				63FA4DBF1DC1A55400FC07B9 /* NotificacaoDAO.swift in Sources */,
				63046D521D83B9E8003E1A5D /* DosagemMedicamento.swift in Sources */,
				6361CD921D5A660600F00C2B /* TelaCadastroViewController.swift in Sources */,
				63E111481DB2D30C005D319D /* TrocaViewController.swift in Sources */,
				6382F0DB1D652B5700958E54 /* ReceitaViewController.swift in Sources */,
				6382F0D91D652AF300958E54 /* ReceitaCollectionViewCell.swift in Sources */,
				63FA4DBB1DC1835C00FC07B9 /* LocalNotificationHelper.swift in Sources */,
			);
			runOnlyForDeploymentPostprocessing = 0;
		};
/* End PBXSourcesBuildPhase section */

/* Begin PBXVariantGroup section */
		630C3C721D4AA5D800312CC5 /* Main.storyboard */ = {
			isa = PBXVariantGroup;
			children = (
				630C3C731D4AA5D800312CC5 /* Base */,
			);
			name = Main.storyboard;
			sourceTree = "<group>";
		};
		630C3C7A1D4AA5D800312CC5 /* LaunchScreen.storyboard */ = {
			isa = PBXVariantGroup;
			children = (
				630C3C7B1D4AA5D800312CC5 /* Base */,
			);
			name = LaunchScreen.storyboard;
			sourceTree = "<group>";
		};
/* End PBXVariantGroup section */

/* Begin XCBuildConfiguration section */
		630C3C7E1D4AA5D800312CC5 /* Debug */ = {
			isa = XCBuildConfiguration;
			buildSettings = {
				ALWAYS_SEARCH_USER_PATHS = NO;
				CLANG_ANALYZER_NONNULL = YES;
				CLANG_CXX_LANGUAGE_STANDARD = "gnu++0x";
				CLANG_CXX_LIBRARY = "libc++";
				CLANG_ENABLE_MODULES = YES;
				CLANG_ENABLE_OBJC_ARC = YES;
				CLANG_WARN_BOOL_CONVERSION = YES;
				CLANG_WARN_CONSTANT_CONVERSION = YES;
				CLANG_WARN_DIRECT_OBJC_ISA_USAGE = YES_ERROR;
				CLANG_WARN_EMPTY_BODY = YES;
				CLANG_WARN_ENUM_CONVERSION = YES;
				CLANG_WARN_INT_CONVERSION = YES;
				CLANG_WARN_OBJC_ROOT_CLASS = YES_ERROR;
				CLANG_WARN_UNREACHABLE_CODE = YES;
				CLANG_WARN__DUPLICATE_METHOD_MATCH = YES;
				"CODE_SIGN_IDENTITY[sdk=iphoneos*]" = "iPhone Developer";
				COPY_PHASE_STRIP = NO;
				DEBUG_INFORMATION_FORMAT = dwarf;
				ENABLE_STRICT_OBJC_MSGSEND = YES;
				ENABLE_TESTABILITY = YES;
				GCC_C_LANGUAGE_STANDARD = gnu99;
				GCC_DYNAMIC_NO_PIC = NO;
				GCC_NO_COMMON_BLOCKS = YES;
				GCC_OPTIMIZATION_LEVEL = 0;
				GCC_PREPROCESSOR_DEFINITIONS = (
					"DEBUG=1",
					"$(inherited)",
				);
				GCC_WARN_64_TO_32_BIT_CONVERSION = YES;
				GCC_WARN_ABOUT_RETURN_TYPE = YES_ERROR;
				GCC_WARN_UNDECLARED_SELECTOR = YES;
				GCC_WARN_UNINITIALIZED_AUTOS = YES_AGGRESSIVE;
				GCC_WARN_UNUSED_FUNCTION = YES;
				GCC_WARN_UNUSED_VARIABLE = YES;
				IPHONEOS_DEPLOYMENT_TARGET = 9.3;
				MTL_ENABLE_DEBUG_INFO = YES;
				ONLY_ACTIVE_ARCH = YES;
				SDKROOT = iphoneos;
				SWIFT_OPTIMIZATION_LEVEL = "-Onone";
				TARGETED_DEVICE_FAMILY = "1,2";
			};
			name = Debug;
		};
		630C3C7F1D4AA5D800312CC5 /* Release */ = {
			isa = XCBuildConfiguration;
			buildSettings = {
				ALWAYS_SEARCH_USER_PATHS = NO;
				CLANG_ANALYZER_NONNULL = YES;
				CLANG_CXX_LANGUAGE_STANDARD = "gnu++0x";
				CLANG_CXX_LIBRARY = "libc++";
				CLANG_ENABLE_MODULES = YES;
				CLANG_ENABLE_OBJC_ARC = YES;
				CLANG_WARN_BOOL_CONVERSION = YES;
				CLANG_WARN_CONSTANT_CONVERSION = YES;
				CLANG_WARN_DIRECT_OBJC_ISA_USAGE = YES_ERROR;
				CLANG_WARN_EMPTY_BODY = YES;
				CLANG_WARN_ENUM_CONVERSION = YES;
				CLANG_WARN_INT_CONVERSION = YES;
				CLANG_WARN_OBJC_ROOT_CLASS = YES_ERROR;
				CLANG_WARN_UNREACHABLE_CODE = YES;
				CLANG_WARN__DUPLICATE_METHOD_MATCH = YES;
				"CODE_SIGN_IDENTITY[sdk=iphoneos*]" = "iPhone Developer";
				COPY_PHASE_STRIP = NO;
				DEBUG_INFORMATION_FORMAT = "dwarf-with-dsym";
				ENABLE_NS_ASSERTIONS = NO;
				ENABLE_STRICT_OBJC_MSGSEND = YES;
				GCC_C_LANGUAGE_STANDARD = gnu99;
				GCC_NO_COMMON_BLOCKS = YES;
				GCC_WARN_64_TO_32_BIT_CONVERSION = YES;
				GCC_WARN_ABOUT_RETURN_TYPE = YES_ERROR;
				GCC_WARN_UNDECLARED_SELECTOR = YES;
				GCC_WARN_UNINITIALIZED_AUTOS = YES_AGGRESSIVE;
				GCC_WARN_UNUSED_FUNCTION = YES;
				GCC_WARN_UNUSED_VARIABLE = YES;
				IPHONEOS_DEPLOYMENT_TARGET = 9.3;
				MTL_ENABLE_DEBUG_INFO = NO;
				SDKROOT = iphoneos;
				TARGETED_DEVICE_FAMILY = "1,2";
				VALIDATE_PRODUCT = YES;
			};
			name = Release;
		};
		630C3C811D4AA5D800312CC5 /* Debug */ = {
			isa = XCBuildConfiguration;
			buildSettings = {
				ASSETCATALOG_COMPILER_APPICON_NAME = AppIcon;
				CODE_SIGN_IDENTITY = "iPhone Developer";
				"CODE_SIGN_IDENTITY[sdk=iphoneos*]" = "iPhone Developer";
				FRAMEWORK_SEARCH_PATHS = (
					"$(inherited)",
					"$(PROJECT_DIR)",
					"/Users/kleitonbatista/Documents/Frameworks/FacebookSDKs-iOS-4.14.0",
					"$(PROJECT_DIR)/Carthage/Build/iOS",
				);
				INFOPLIST_FILE = "Minha Farmacia/Info.plist";
				IPHONEOS_DEPLOYMENT_TARGET = 9.3;
				LD_RUNPATH_SEARCH_PATHS = "$(inherited) @executable_path/Frameworks";
				PRODUCT_BUNDLE_IDENTIFIER = "batista.kleiton.Minha-Farmacia";
				PRODUCT_NAME = "$(TARGET_NAME)";
				PROVISIONING_PROFILE = "";
			};
			name = Debug;
		};
		630C3C821D4AA5D800312CC5 /* Release */ = {
			isa = XCBuildConfiguration;
			buildSettings = {
				ASSETCATALOG_COMPILER_APPICON_NAME = AppIcon;
				CODE_SIGN_IDENTITY = "iPhone Developer";
				"CODE_SIGN_IDENTITY[sdk=iphoneos*]" = "iPhone Developer";
				FRAMEWORK_SEARCH_PATHS = (
					"$(inherited)",
					"$(PROJECT_DIR)",
					"/Users/kleitonbatista/Documents/Frameworks/FacebookSDKs-iOS-4.14.0",
					"$(PROJECT_DIR)/Carthage/Build/iOS",
				);
				INFOPLIST_FILE = "Minha Farmacia/Info.plist";
				IPHONEOS_DEPLOYMENT_TARGET = 9.3;
				LD_RUNPATH_SEARCH_PATHS = "$(inherited) @executable_path/Frameworks";
				PRODUCT_BUNDLE_IDENTIFIER = "batista.kleiton.Minha-Farmacia";
				PRODUCT_NAME = "$(TARGET_NAME)";
				PROVISIONING_PROFILE = "";
			};
			name = Release;
		};
/* End XCBuildConfiguration section */

/* Begin XCConfigurationList section */
		630C3C661D4AA5D800312CC5 /* Build configuration list for PBXProject "Farmácia" */ = {
			isa = XCConfigurationList;
			buildConfigurations = (
				630C3C7E1D4AA5D800312CC5 /* Debug */,
				630C3C7F1D4AA5D800312CC5 /* Release */,
			);
			defaultConfigurationIsVisible = 0;
			defaultConfigurationName = Release;
		};
		630C3C801D4AA5D800312CC5 /* Build configuration list for PBXNativeTarget "Minha Farmacia" */ = {
			isa = XCConfigurationList;
			buildConfigurations = (
				630C3C811D4AA5D800312CC5 /* Debug */,
				630C3C821D4AA5D800312CC5 /* Release */,
			);
			defaultConfigurationIsVisible = 0;
			defaultConfigurationName = Release;
		};
/* End XCConfigurationList section */

/* Begin XCVersionGroup section */
		630C3C751D4AA5D800312CC5 /* Minha_Farmacia.xcdatamodeld */ = {
			isa = XCVersionGroup;
			children = (
				630C3C761D4AA5D800312CC5 /* Minha_Farmacia.xcdatamodel */,
			);
			currentVersion = 630C3C761D4AA5D800312CC5 /* Minha_Farmacia.xcdatamodel */;
			path = Minha_Farmacia.xcdatamodeld;
			sourceTree = "<group>";
			versionGroupType = wrapper.xcdatamodel;
		};
/* End XCVersionGroup section */
	};
	rootObject = 630C3C631D4AA5D800312CC5 /* Project object */;
}
